{
  "nodes": {
    "nixpkgs": {
      "locked": {
        "lastModified": 1662485935,
        "narHash": "sha256-tFiBAqOFzm5WVVWr0p+p3oCTzgu/z+QGb7QlFIKhdOA=",
        "owner": "NixOS",
        "repo": "nixpkgs",
        "rev": "4af048fbb0440744a9e1f5876daed55c955642c9",
        "type": "github"
      },
      "original": {
        "owner": "NixOS",
        "repo": "nixpkgs",
        "type": "github"
      }
    },
    "root": {
      "inputs": {
        "nixpkgs": "nixpkgs",
        "src": "src"
      }
    },
    "src": {
      "flake": false,
      "locked": {
        "lastModified": 1647926800,
        "narHash": "sha256-QyxAlXAJd1GWxPLUztj6DeC36ST7OROPjZhKZd2jc6Q=",
        "owner": "netsys-lab",
        "repo": "scion-path-discovery",
        "rev": "ead496edb5a1d7a9ac8d42182a77e224d8f7c20a",
        "type": "github"
      },
      "original": {
        "owner": "netsys-lab",
        "ref": "v1.0.1",
        "repo": "scion-path-discovery",
        "type": "github"
      }
    }
  },
  "root": "root",
  "version": 7
}
