{
  "nodes": {
    "nixpkgs": {
      "locked": {
        "lastModified": 1659914493,
        "narHash": "sha256-lkA5X3VNMKirvA+SUzvEhfA7XquWLci+CGi505YFAIs=",
        "owner": "NixOS",
        "repo": "nixpkgs",
        "rev": "022caabb5f2265ad4006c1fa5b1ebe69fb0c3faf",
        "type": "github"
      },
      "original": {
        "owner": "NixOS",
        "ref": "release-21.05",
        "repo": "nixpkgs",
        "type": "github"
      }
    },
    "root": {
      "inputs": {
        "nixpkgs": "nixpkgs",
        "src": "src"
      }
    },
    "src": {
      "flake": false,
      "locked": {
        "lastModified": 1647926800,
        "narHash": "sha256-QyxAlXAJd1GWxPLUztj6DeC36ST7OROPjZhKZd2jc6Q=",
        "owner": "netsys-lab",
        "repo": "scion-path-discovery",
        "rev": "ead496edb5a1d7a9ac8d42182a77e224d8f7c20a",
        "type": "github"
      },
      "original": {
        "owner": "netsys-lab",
        "ref": "v1.0.1",
        "repo": "scion-path-discovery",
        "type": "github"
      }
    }
  },
  "root": "root",
  "version": 7
}
